
Microsoft Visual Studio Solution File, Format Version 12.00
# Visual Studio 15
VisualStudioVersion = 15.0.34930.48
MinimumVisualStudioVersion = 10.0.40219.1
Project("{FAE04EC0-301F-11D3-BF4B-00C04F79EFBC}") = "大地线长度计算2", "大地主题正反算\大地线长度计算2.csproj", "{37172A2C-2C38-4912-BE37-A75CA3C979C5}"
EndProject
Global
	GlobalSection(SolutionConfigurationPlatforms) = preSolution
		Debug|Any CPU = Debug|Any CPU
		Release|Any CPU = Release|Any CPU
	EndGlobalSection
	GlobalSection(ProjectConfigurationPlatforms) = postSolution
		{37172A2C-2C38-4912-BE37-A75CA3C979C5}.Debug|Any CPU.ActiveCfg = Debug|Any CPU
		{37172A2C-2C38-4912-BE37-A75CA3C979C5}.Debug|Any CPU.Build.0 = Debug|Any CPU
		{37172A2C-2C38-4912-BE37-A75CA3C979C5}.Release|Any CPU.ActiveCfg = Release|Any CPU
		{37172A2C-2C38-4912-BE37-A75CA3C979C5}.Release|Any CPU.Build.0 = Release|Any CPU
	EndGlobalSection
	GlobalSection(SolutionProperties) = preSolution
		HideSolutionNode = FALSE
	EndGlobalSection
	GlobalSection(ExtensibilityGlobals) = postSolution
		SolutionGuid = {ADA24C7E-172C-4871-8069-CE5072951333}
	EndGlobalSection
EndGlobal
